
Microsoft Visual Studio Solution File, Format Version 12.00
# Visual Studio Version 17
VisualStudioVersion = 17.4.33213.308
MinimumVisualStudioVersion = 10.0.40219.1
Project("{888888A0-9F3D-457C-B088-3A5042F75D52}") = "groupprojectB_counting_program", "groupprojectB_counting_program.pyproj", "{E92542EA-7F19-4CA2-AC7B-AF9ADBDFA778}"
EndProject
Global
	GlobalSection(SolutionConfigurationPlatforms) = preSolution
		Debug|Any CPU = Debug|Any CPU
		Release|Any CPU = Release|Any CPU
	EndGlobalSection
	GlobalSection(ProjectConfigurationPlatforms) = postSolution
		{E92542EA-7F19-4CA2-AC7B-AF9ADBDFA778}.Debug|Any CPU.ActiveCfg = Debug|Any CPU
		{E92542EA-7F19-4CA2-AC7B-AF9ADBDFA778}.Release|Any CPU.ActiveCfg = Release|Any CPU
	EndGlobalSection
	GlobalSection(SolutionProperties) = preSolution
		HideSolutionNode = FALSE
	EndGlobalSection
	GlobalSection(ExtensibilityGlobals) = postSolution
		SolutionGuid = {7367D362-FF7B-42BB-8451-4AC2F4884E0E}
	EndGlobalSection
EndGlobal
